{
  "name": "cameleonvania",
  "version": "1.0.0",
  "lockfileVersion": 3,
  "requires": true,
  "packages": {
    "": {
      "name": "cameleonvania",
      "version": "1.0.0",
      "license": "ISC",
      "dependencies": {
        "@genzai_cloud/agent-game-jam-advisor": "^2.1.1"
      }
    },
    "node_modules/@genzai_cloud/agent-game-jam-advisor": {
      "version": "2.1.1",
      "resolved": "https://registry.npmjs.org/@genzai_cloud/agent-game-jam-advisor/-/agent-game-jam-advisor-2.1.1.tgz",
      "integrity": "sha512-NTHqNirPqjGd+FxU2H+LfgbpAG+akElukZy+kn1AZmkebfpFflHe+ikj4EOO/7umOmiyjhExYXa6iMS7L7S+lw==",
      "license": "MIT",
      "engines": {
        "node": ">=14.0.0"
      }
    }
  }
}
